{
    "_readme": [
        "This file locks the dependencies of your project to a known state",
        "Read more about it at https://getcomposer.org/doc/01-basic-usage.md#composer-lock-the-lock-file",
        "This file is @generated automatically"
    ],
    "hash": "3392ac4f07deb4a7a2bed70d759d6d6c",
    "content-hash": "0f79b31800468c81ece074e5c5678b02",
    "packages": [
        {
            "name": "kakserpom/phpdaemon",
            "version": "dev-master",
            "source": {
                "type": "git",
                "url": "https://github.com/kakserpom/phpdaemon.git",
                "reference": "f8abda0d5f068a2e727ee5d17ff30289b44eec3c"
            },
            "dist": {
                "type": "zip",
                "url": "https://api.github.com/repos/kakserpom/phpdaemon/zipball/f8abda0d5f068a2e727ee5d17ff30289b44eec3c",
                "reference": "f8abda0d5f068a2e727ee5d17ff30289b44eec3c",
                "shasum": ""
            },
            "require": {
                "ext-event": ">=1.6.0",
                "ext-pcntl": "*",
                "ext-shmop": "*",
                "ext-sockets": "*",
                "php": ">=5.4"
            },
            "bin": [
                "bin/phpd"
            ],
            "type": "library",
            "autoload": {
                "psr-0": {
                    "PHPDaemon": ""
                },
                "files": [
                    "PHPDaemon/Utils/func.php"
                ]
            },
            "notification-url": "https://packagist.org/downloads/",
            "license": [
                "GPL-3.0+"
            ],
            "authors": [
                {
                    "name": "Vasily Zorin",
                    "email": "phpdaemon@googlegroups.com",
                    "homepage": "http://daemon.io",
                    "role": "Developer"
                }
            ],
            "description": "Asynchronous server-side framework for Web and network applications implemented in PHP using libevent. phpDaemon can handle thousands of simultaneous connections.",
            "homepage": "https://github.com/kakserpom/phpdaemon",
            "keywords": [
                "phpdaemon"
            ],
            "time": "2016-04-07 10:51:50"
        }
    ],
    "packages-dev": [],
    "aliases": [],
    "minimum-stability": "stable",
    "stability-flags": {
        "kakserpom/phpdaemon": 20
    },
    "prefer-stable": false,
    "prefer-lowest": false,
    "platform": [],
    "platform-dev": []
}
